
Microsoft Visual Studio Solution File, Format Version 12.00
# Visual Studio Version 16
VisualStudioVersion = 25.0.1706.7
MinimumVisualStudioVersion = 10.0.40219.1
Project("{FAE04EC0-301F-11D3-BF4B-00C04F79EFBC}") = "TarikTestApp", "TarikTestApp\TarikTestApp.csproj", "{5068FE04-7F05-4C01-A807-897C66453CF5}"
EndProject
Project("{E53339B2-1760-4266-BCC7-CA923CBCF16C}") = "docker-compose", "docker-compose.dcproj", "{8D3B29B6-597F-4546-8C69-4721D9B52895}"
EndProject
Global
	GlobalSection(SolutionConfigurationPlatforms) = preSolution
		Debug|Any CPU = Debug|Any CPU
		Release|Any CPU = Release|Any CPU
	EndGlobalSection
	GlobalSection(ProjectConfigurationPlatforms) = postSolution
		{5068FE04-7F05-4C01-A807-897C66453CF5}.Debug|Any CPU.ActiveCfg = Debug|Any CPU
		{5068FE04-7F05-4C01-A807-897C66453CF5}.Debug|Any CPU.Build.0 = Debug|Any CPU
		{5068FE04-7F05-4C01-A807-897C66453CF5}.Release|Any CPU.ActiveCfg = Release|Any CPU
		{5068FE04-7F05-4C01-A807-897C66453CF5}.Release|Any CPU.Build.0 = Release|Any CPU
		{8D3B29B6-597F-4546-8C69-4721D9B52895}.Debug|Any CPU.ActiveCfg = Debug|Any CPU
		{8D3B29B6-597F-4546-8C69-4721D9B52895}.Debug|Any CPU.Build.0 = Debug|Any CPU
		{8D3B29B6-597F-4546-8C69-4721D9B52895}.Release|Any CPU.ActiveCfg = Release|Any CPU
		{8D3B29B6-597F-4546-8C69-4721D9B52895}.Release|Any CPU.Build.0 = Release|Any CPU
	EndGlobalSection
	GlobalSection(SolutionProperties) = preSolution
		HideSolutionNode = FALSE
	EndGlobalSection
	GlobalSection(ExtensibilityGlobals) = postSolution
		SolutionGuid = {0F8EE521-7ABD-4580-B019-21EB09C774C8}
	EndGlobalSection
EndGlobal
